// !$*UTF8*$!
{
	archiveVersion = 1;
	classes = {
	};
	objectVersion = 46;
	objects = {

/* Begin PBXBuildFile section */
		80D9AA4A1ABB3F3C00BEBDAB /* AppDelegate.swift in Sources */ = {isa = PBXBuildFile; fileRef = 80D9AA491ABB3F3C00BEBDAB /* AppDelegate.swift */; };
		80D9AA4C1ABB3F3C00BEBDAB /* ViewController.swift in Sources */ = {isa = PBXBuildFile; fileRef = 80D9AA4B1ABB3F3C00BEBDAB /* ViewController.swift */; };
		80D9AA4F1ABB3F3C00BEBDAB /* Main.storyboard in Resources */ = {isa = PBXBuildFile; fileRef = 80D9AA4D1ABB3F3C00BEBDAB /* Main.storyboard */; };
		80D9AA511ABB3F3C00BEBDAB /* Images.xcassets in Resources */ = {isa = PBXBuildFile; fileRef = 80D9AA501ABB3F3C00BEBDAB /* Images.xcassets */; };
		80D9AA541ABB3F3C00BEBDAB /* LaunchScreen.xib in Resources */ = {isa = PBXBuildFile; fileRef = 80D9AA521ABB3F3C00BEBDAB /* LaunchScreen.xib */; };
		80D9AA601ABB3F3C00BEBDAB /* SousTests.swift in Sources */ = {isa = PBXBuildFile; fileRef = 80D9AA5F1ABB3F3C00BEBDAB /* SousTests.swift */; };
/* End PBXBuildFile section */

/* Begin PBXContainerItemProxy section */
		80D9AA5A1ABB3F3C00BEBDAB /* PBXContainerItemProxy */ = {
			isa = PBXContainerItemProxy;
			containerPortal = 80D9AA3C1ABB3F3B00BEBDAB /* Project object */;
			proxyType = 1;
			remoteGlobalIDString = 80D9AA431ABB3F3B00BEBDAB;
			remoteInfo = Sous;
		};
/* End PBXContainerItemProxy section */

/* Begin PBXFileReference section */
		80D9AA441ABB3F3B00BEBDAB /* Sous.app */ = {isa = PBXFileReference; explicitFileType = wrapper.application; includeInIndex = 0; path = Sous.app; sourceTree = BUILT_PRODUCTS_DIR; };
		80D9AA481ABB3F3C00BEBDAB /* Info.plist */ = {isa = PBXFileReference; lastKnownFileType = text.plist.xml; path = Info.plist; sourceTree = "<group>"; };
		80D9AA491ABB3F3C00BEBDAB /* AppDelegate.swift */ = {isa = PBXFileReference; lastKnownFileType = sourcecode.swift; path = AppDelegate.swift; sourceTree = "<group>"; };
		80D9AA4B1ABB3F3C00BEBDAB /* ViewController.swift */ = {isa = PBXFileReference; lastKnownFileType = sourcecode.swift; path = ViewController.swift; sourceTree = "<group>"; };
		80D9AA4E1ABB3F3C00BEBDAB /* Base */ = {isa = PBXFileReference; lastKnownFileType = file.storyboard; name = Base; path = Base.lproj/Main.storyboard; sourceTree = "<group>"; };
		80D9AA501ABB3F3C00BEBDAB /* Images.xcassets */ = {isa = PBXFileReference; lastKnownFileType = folder.assetcatalog; path = Images.xcassets; sourceTree = "<group>"; };
		80D9AA531ABB3F3C00BEBDAB /* Base */ = {isa = PBXFileReference; lastKnownFileType = file.xib; name = Base; path = Base.lproj/LaunchScreen.xib; sourceTree = "<group>"; };
		80D9AA591ABB3F3C00BEBDAB /* SousTests.xctest */ = {isa = PBXFileReference; explicitFileType = wrapper.cfbundle; includeInIndex = 0; path = SousTests.xctest; sourceTree = BUILT_PRODUCTS_DIR; };
		80D9AA5E1ABB3F3C00BEBDAB /* Info.plist */ = {isa = PBXFileReference; lastKnownFileType = text.plist.xml; path = Info.plist; sourceTree = "<group>"; };
		80D9AA5F1ABB3F3C00BEBDAB /* SousTests.swift */ = {isa = PBXFileReference; lastKnownFileType = sourcecode.swift; path = SousTests.swift; sourceTree = "<group>"; };
/* End PBXFileReference section */

/* Begin PBXFrameworksBuildPhase section */
		80D9AA411ABB3F3B00BEBDAB /* Frameworks */ = {
			isa = PBXFrameworksBuildPhase;
			buildActionMask = 2147483647;
			files = (
			);
			runOnlyForDeploymentPostprocessing = 0;
		};
		80D9AA561ABB3F3C00BEBDAB /* Frameworks */ = {
			isa = PBXFrameworksBuildPhase;
			buildActionMask = 2147483647;
			files = (
			);
			runOnlyForDeploymentPostprocessing = 0;
		};
/* End PBXFrameworksBuildPhase section */

/* Begin PBXGroup section */
		80D9AA3B1ABB3F3A00BEBDAB = {
			isa = PBXGroup;
			children = (
				80D9AA461ABB3F3B00BEBDAB /* Sous */,
				80D9AA5C1ABB3F3C00BEBDAB /* SousTests */,
				80D9AA451ABB3F3B00BEBDAB /* Products */,
			);
			sourceTree = "<group>";
		};
		80D9AA451ABB3F3B00BEBDAB /* Products */ = {
			isa = PBXGroup;
			children = (
				80D9AA441ABB3F3B00BEBDAB /* Sous.app */,
				80D9AA591ABB3F3C00BEBDAB /* SousTests.xctest */,
			);
			name = Products;
			sourceTree = "<group>";
		};
		80D9AA461ABB3F3B00BEBDAB /* Sous */ = {
			isa = PBXGroup;
			children = (
				80D9AA491ABB3F3C00BEBDAB /* AppDelegate.swift */,
				80D9AA4B1ABB3F3C00BEBDAB /* ViewController.swift */,
				80D9AA4D1ABB3F3C00BEBDAB /* Main.storyboard */,
				80D9AA501ABB3F3C00BEBDAB /* Images.xcassets */,
				80D9AA521ABB3F3C00BEBDAB /* LaunchScreen.xib */,
				80D9AA471ABB3F3C00BEBDAB /* Supporting Files */,
			);
			path = Sous;
			sourceTree = "<group>";
		};
		80D9AA471ABB3F3C00BEBDAB /* Supporting Files */ = {
			isa = PBXGroup;
			children = (
				80D9AA481ABB3F3C00BEBDAB /* Info.plist */,
			);
			name = "Supporting Files";
			sourceTree = "<group>";
		};
		80D9AA5C1ABB3F3C00BEBDAB /* SousTests */ = {
			isa = PBXGroup;
			children = (
				80D9AA5F1ABB3F3C00BEBDAB /* SousTests.swift */,
				80D9AA5D1ABB3F3C00BEBDAB /* Supporting Files */,
			);
			path = SousTests;
			sourceTree = "<group>";
		};
		80D9AA5D1ABB3F3C00BEBDAB /* Supporting Files */ = {
			isa = PBXGroup;
			children = (
				80D9AA5E1ABB3F3C00BEBDAB /* Info.plist */,
			);
			name = "Supporting Files";
			sourceTree = "<group>";
		};
/* End PBXGroup section */

/* Begin PBXNativeTarget section */
		80D9AA431ABB3F3B00BEBDAB /* Sous */ = {
			isa = PBXNativeTarget;
			buildConfigurationList = 80D9AA631ABB3F3C00BEBDAB /* Build configuration list for PBXNativeTarget "Sous" */;
			buildPhases = (
				80D9AA401ABB3F3B00BEBDAB /* Sources */,
				80D9AA411ABB3F3B00BEBDAB /* Frameworks */,
				80D9AA421ABB3F3B00BEBDAB /* Resources */,
			);
			buildRules = (
			);
			dependencies = (
			);
			name = Sous;
			productName = Sous;
			productReference = 80D9AA441ABB3F3B00BEBDAB /* Sous.app */;
			productType = "com.apple.product-type.application";
		};
		80D9AA581ABB3F3C00BEBDAB /* SousTests */ = {
			isa = PBXNativeTarget;
			buildConfigurationList = 80D9AA661ABB3F3C00BEBDAB /* Build configuration list for PBXNativeTarget "SousTests" */;
			buildPhases = (
				80D9AA551ABB3F3C00BEBDAB /* Sources */,
				80D9AA561ABB3F3C00BEBDAB /* Frameworks */,
				80D9AA571ABB3F3C00BEBDAB /* Resources */,
			);
			buildRules = (
			);
			dependencies = (
				80D9AA5B1ABB3F3C00BEBDAB /* PBXTargetDependency */,
			);
			name = SousTests;
			productName = SousTests;
			productReference = 80D9AA591ABB3F3C00BEBDAB /* SousTests.xctest */;
			productType = "com.apple.product-type.bundle.unit-test";
		};
/* End PBXNativeTarget section */

/* Begin PBXProject section */
		80D9AA3C1ABB3F3B00BEBDAB /* Project object */ = {
			isa = PBXProject;
			attributes = {
				LastUpgradeCheck = 0610;
				ORGANIZATIONNAME = buz;
				TargetAttributes = {
					80D9AA431ABB3F3B00BEBDAB = {
						CreatedOnToolsVersion = 6.1.1;
					};
					80D9AA581ABB3F3C00BEBDAB = {
						CreatedOnToolsVersion = 6.1.1;
						TestTargetID = 80D9AA431ABB3F3B00BEBDAB;
					};
				};
			};
			buildConfigurationList = 80D9AA3F1ABB3F3B00BEBDAB /* Build configuration list for PBXProject "Sous" */;
			compatibilityVersion = "Xcode 3.2";
			developmentRegion = English;
			hasScannedForEncodings = 0;
			knownRegions = (
				en,
				Base,
			);
			mainGroup = 80D9AA3B1ABB3F3A00BEBDAB;
			productRefGroup = 80D9AA451ABB3F3B00BEBDAB /* Products */;
			projectDirPath = "";
			projectRoot = "";
			targets = (
				80D9AA431ABB3F3B00BEBDAB /* Sous */,
				80D9AA581ABB3F3C00BEBDAB /* SousTests */,
			);
		};
/* End PBXProject section */

/* Begin PBXResourcesBuildPhase section */
		80D9AA421ABB3F3B00BEBDAB /* Resources */ = {
			isa = PBXResourcesBuildPhase;
			buildActionMask = 2147483647;
			files = (
				80D9AA4F1ABB3F3C00BEBDAB /* Main.storyboard in Resources */,
				80D9AA541ABB3F3C00BEBDAB /* LaunchScreen.xib in Resources */,
				80D9AA511ABB3F3C00BEBDAB /* Images.xcassets in Resources */,
			);
			runOnlyForDeploymentPostprocessing = 0;
		};
		80D9AA571ABB3F3C00BEBDAB /* Resources */ = {
			isa = PBXResourcesBuildPhase;
			buildActionMask = 2147483647;
			files = (
			);
			runOnlyForDeploymentPostprocessing = 0;
		};
/* End PBXResourcesBuildPhase section */

/* Begin PBXSourcesBuildPhase section */
		80D9AA401ABB3F3B00BEBDAB /* Sources */ = {
			isa = PBXSourcesBuildPhase;
			buildActionMask = 2147483647;
			files = (
				80D9AA4C1ABB3F3C00BEBDAB /* ViewController.swift in Sources */,
				80D9AA4A1ABB3F3C00BEBDAB /* AppDelegate.swift in Sources */,
			);
			runOnlyForDeploymentPostprocessing = 0;
		};
		80D9AA551ABB3F3C00BEBDAB /* Sources */ = {
			isa = PBXSourcesBuildPhase;
			buildActionMask = 2147483647;
			files = (
				80D9AA601ABB3F3C00BEBDAB /* SousTests.swift in Sources */,
			);
			runOnlyForDeploymentPostprocessing = 0;
		};
/* End PBXSourcesBuildPhase section */

/* Begin PBXTargetDependency section */
		80D9AA5B1ABB3F3C00BEBDAB /* PBXTargetDependency */ = {
			isa = PBXTargetDependency;
			target = 80D9AA431ABB3F3B00BEBDAB /* Sous */;
			targetProxy = 80D9AA5A1ABB3F3C00BEBDAB /* PBXContainerItemProxy */;
		};
/* End PBXTargetDependency section */

/* Begin PBXVariantGroup section */
		80D9AA4D1ABB3F3C00BEBDAB /* Main.storyboard */ = {
			isa = PBXVariantGroup;
			children = (
				80D9AA4E1ABB3F3C00BEBDAB /* Base */,
			);
			name = Main.storyboard;
			sourceTree = "<group>";
		};
		80D9AA521ABB3F3C00BEBDAB /* LaunchScreen.xib */ = {
			isa = PBXVariantGroup;
			children = (
				80D9AA531ABB3F3C00BEBDAB /* Base */,
			);
			name = LaunchScreen.xib;
			sourceTree = "<group>";
		};
/* End PBXVariantGroup section */

/* Begin XCBuildConfiguration section */
		80D9AA611ABB3F3C00BEBDAB /* Debug */ = {
			isa = XCBuildConfiguration;
			buildSettings = {
				ALWAYS_SEARCH_USER_PATHS = NO;
				CLANG_CXX_LANGUAGE_STANDARD = "gnu++0x";
				CLANG_CXX_LIBRARY = "libc++";
				CLANG_ENABLE_MODULES = YES;
				CLANG_ENABLE_OBJC_ARC = YES;
				CLANG_WARN_BOOL_CONVERSION = YES;
				CLANG_WARN_CONSTANT_CONVERSION = YES;
				CLANG_WARN_DIRECT_OBJC_ISA_USAGE = YES_ERROR;
				CLANG_WARN_EMPTY_BODY = YES;
				CLANG_WARN_ENUM_CONVERSION = YES;
				CLANG_WARN_INT_CONVERSION = YES;
				CLANG_WARN_OBJC_ROOT_CLASS = YES_ERROR;
				CLANG_WARN_UNREACHABLE_CODE = YES;
				CLANG_WARN__DUPLICATE_METHOD_MATCH = YES;
				"CODE_SIGN_IDENTITY[sdk=iphoneos*]" = "iPhone Developer";
				COPY_PHASE_STRIP = NO;
				ENABLE_STRICT_OBJC_MSGSEND = YES;
				GCC_C_LANGUAGE_STANDARD = gnu99;
				GCC_DYNAMIC_NO_PIC = NO;
				GCC_OPTIMIZATION_LEVEL = 0;
				GCC_PREPROCESSOR_DEFINITIONS = (
					"DEBUG=1",
					"$(inherited)",
				);
				GCC_SYMBOLS_PRIVATE_EXTERN = NO;
				GCC_WARN_64_TO_32_BIT_CONVERSION = YES;
				GCC_WARN_ABOUT_RETURN_TYPE = YES_ERROR;
				GCC_WARN_UNDECLARED_SELECTOR = YES;
				GCC_WARN_UNINITIALIZED_AUTOS = YES_AGGRESSIVE;
				GCC_WARN_UNUSED_FUNCTION = YES;
				GCC_WARN_UNUSED_VARIABLE = YES;
				IPHONEOS_DEPLOYMENT_TARGET = 8.1;
				MTL_ENABLE_DEBUG_INFO = YES;
				ONLY_ACTIVE_ARCH = YES;
				SDKROOT = iphoneos;
				SWIFT_OPTIMIZATION_LEVEL = "-Onone";
			};
			name = Debug;
		};
		80D9AA621ABB3F3C00BEBDAB /* Release */ = {
			isa = XCBuildConfiguration;
			buildSettings = {
				ALWAYS_SEARCH_USER_PATHS = NO;
				CLANG_CXX_LANGUAGE_STANDARD = "gnu++0x";
				CLANG_CXX_LIBRARY = "libc++";
				CLANG_ENABLE_MODULES = YES;
				CLANG_ENABLE_OBJC_ARC = YES;
				CLANG_WARN_BOOL_CONVERSION = YES;
				CLANG_WARN_CONSTANT_CONVERSION = YES;
				CLANG_WARN_DIRECT_OBJC_ISA_USAGE = YES_ERROR;
				CLANG_WARN_EMPTY_BODY = YES;
				CLANG_WARN_ENUM_CONVERSION = YES;
				CLANG_WARN_INT_CONVERSION = YES;
				CLANG_WARN_OBJC_ROOT_CLASS = YES_ERROR;
				CLANG_WARN_UNREACHABLE_CODE = YES;
				CLANG_WARN__DUPLICATE_METHOD_MATCH = YES;
				"CODE_SIGN_IDENTITY[sdk=iphoneos*]" = "iPhone Developer";
				COPY_PHASE_STRIP = YES;
				ENABLE_NS_ASSERTIONS = NO;
				ENABLE_STRICT_OBJC_MSGSEND = YES;
				GCC_C_LANGUAGE_STANDARD = gnu99;
				GCC_WARN_64_TO_32_BIT_CONVERSION = YES;
				GCC_WARN_ABOUT_RETURN_TYPE = YES_ERROR;
				GCC_WARN_UNDECLARED_SELECTOR = YES;
				GCC_WARN_UNINITIALIZED_AUTOS = YES_AGGRESSIVE;
				GCC_WARN_UNUSED_FUNCTION = YES;
				GCC_WARN_UNUSED_VARIABLE = YES;
				IPHONEOS_DEPLOYMENT_TARGET = 8.1;
				MTL_ENABLE_DEBUG_INFO = NO;
				SDKROOT = iphoneos;
				VALIDATE_PRODUCT = YES;
			};
			name = Release;
		};
		80D9AA641ABB3F3C00BEBDAB /* Debug */ = {
			isa = XCBuildConfiguration;
			buildSettings = {
				ASSETCATALOG_COMPILER_APPICON_NAME = AppIcon;
				INFOPLIST_FILE = Sous/Info.plist;
				LD_RUNPATH_SEARCH_PATHS = "$(inherited) @executable_path/Frameworks";
				PRODUCT_NAME = "$(TARGET_NAME)";
			};
			name = Debug;
		};
		80D9AA651ABB3F3C00BEBDAB /* Release */ = {
			isa = XCBuildConfiguration;
			buildSettings = {
				ASSETCATALOG_COMPILER_APPICON_NAME = AppIcon;
				INFOPLIST_FILE = Sous/Info.plist;
				LD_RUNPATH_SEARCH_PATHS = "$(inherited) @executable_path/Frameworks";
				PRODUCT_NAME = "$(TARGET_NAME)";
			};
			name = Release;
		};
		80D9AA671ABB3F3C00BEBDAB /* Debug */ = {
			isa = XCBuildConfiguration;
			buildSettings = {
				BUNDLE_LOADER = "$(TEST_HOST)";
				FRAMEWORK_SEARCH_PATHS = (
					"$(SDKROOT)/Developer/Library/Frameworks",
					"$(inherited)",
				);
				GCC_PREPROCESSOR_DEFINITIONS = (
					"DEBUG=1",
					"$(inherited)",
				);
				INFOPLIST_FILE = SousTests/Info.plist;
				LD_RUNPATH_SEARCH_PATHS = "$(inherited) @executable_path/Frameworks @loader_path/Frameworks";
				PRODUCT_NAME = "$(TARGET_NAME)";
				TEST_HOST = "$(BUILT_PRODUCTS_DIR)/Sous.app/Sous";
			};
			name = Debug;
		};
		80D9AA681ABB3F3C00BEBDAB /* Release */ = {
			isa = XCBuildConfiguration;
			buildSettings = {
				BUNDLE_LOADER = "$(TEST_HOST)";
				FRAMEWORK_SEARCH_PATHS = (
					"$(SDKROOT)/Developer/Library/Frameworks",
					"$(inherited)",
				);
				INFOPLIST_FILE = SousTests/Info.plist;
				LD_RUNPATH_SEARCH_PATHS = "$(inherited) @executable_path/Frameworks @loader_path/Frameworks";
				PRODUCT_NAME = "$(TARGET_NAME)";
				TEST_HOST = "$(BUILT_PRODUCTS_DIR)/Sous.app/Sous";
			};
			name = Release;
		};
/* End XCBuildConfiguration section */

/* Begin XCConfigurationList section */
		80D9AA3F1ABB3F3B00BEBDAB /* Build configuration list for PBXProject "Sous" */ = {
			isa = XCConfigurationList;
			buildConfigurations = (
				80D9AA611ABB3F3C00BEBDAB /* Debug */,
				80D9AA621ABB3F3C00BEBDAB /* Release */,
			);
			defaultConfigurationIsVisible = 0;
			defaultConfigurationName = Release;
		};
		80D9AA631ABB3F3C00BEBDAB /* Build configuration list for PBXNativeTarget "Sous" */ = {
			isa = XCConfigurationList;
			buildConfigurations = (
				80D9AA641ABB3F3C00BEBDAB /* Debug */,
				80D9AA651ABB3F3C00BEBDAB /* Release */,
			);
			defaultConfigurationIsVisible = 0;
		};
		80D9AA661ABB3F3C00BEBDAB /* Build configuration list for PBXNativeTarget "SousTests" */ = {
			isa = XCConfigurationList;
			buildConfigurations = (
				80D9AA671ABB3F3C00BEBDAB /* Debug */,
				80D9AA681ABB3F3C00BEBDAB /* Release */,
			);
			defaultConfigurationIsVisible = 0;
		};
/* End XCConfigurationList section */
	};
	rootObject = 80D9AA3C1ABB3F3B00BEBDAB /* Project object */;
}
